
Microsoft Visual Studio Solution File, Format Version 12.00
# Visual Studio Version 16
VisualStudioVersion = 16.0.32228.343
MinimumVisualStudioVersion = 10.0.40219.1
Project("{FAE04EC0-301F-11D3-BF4B-00C04F79EFBC}") = "NStoreAPI", "NStoreAPI\NStoreAPI.csproj", "{C5760332-AA3F-48BA-84B3-7C89BD0569A5}"
EndProject
Project("{FAE04EC0-301F-11D3-BF4B-00C04F79EFBC}") = "NStore", "NStore\NStore.csproj", "{E6FF2248-2206-461B-8384-D53A4BA7A471}"
EndProject
Project("{FAE04EC0-301F-11D3-BF4B-00C04F79EFBC}") = "Service", "Service\Service.csproj", "{3F6EDB58-968F-4983-AC71-32A6F4EBEE04}"
EndProject
Global
	GlobalSection(SolutionConfigurationPlatforms) = preSolution
		Debug|Any CPU = Debug|Any CPU
		Release|Any CPU = Release|Any CPU
	EndGlobalSection
	GlobalSection(ProjectConfigurationPlatforms) = postSolution
		{C5760332-AA3F-48BA-84B3-7C89BD0569A5}.Debug|Any CPU.ActiveCfg = Debug|Any CPU
		{C5760332-AA3F-48BA-84B3-7C89BD0569A5}.Debug|Any CPU.Build.0 = Debug|Any CPU
		{C5760332-AA3F-48BA-84B3-7C89BD0569A5}.Release|Any CPU.ActiveCfg = Release|Any CPU
		{C5760332-AA3F-48BA-84B3-7C89BD0569A5}.Release|Any CPU.Build.0 = Release|Any CPU
		{E6FF2248-2206-461B-8384-D53A4BA7A471}.Debug|Any CPU.ActiveCfg = Debug|Any CPU
		{E6FF2248-2206-461B-8384-D53A4BA7A471}.Debug|Any CPU.Build.0 = Debug|Any CPU
		{E6FF2248-2206-461B-8384-D53A4BA7A471}.Release|Any CPU.ActiveCfg = Release|Any CPU
		{E6FF2248-2206-461B-8384-D53A4BA7A471}.Release|Any CPU.Build.0 = Release|Any CPU
		{3F6EDB58-968F-4983-AC71-32A6F4EBEE04}.Debug|Any CPU.ActiveCfg = Debug|Any CPU
		{3F6EDB58-968F-4983-AC71-32A6F4EBEE04}.Debug|Any CPU.Build.0 = Debug|Any CPU
		{3F6EDB58-968F-4983-AC71-32A6F4EBEE04}.Release|Any CPU.ActiveCfg = Release|Any CPU
		{3F6EDB58-968F-4983-AC71-32A6F4EBEE04}.Release|Any CPU.Build.0 = Release|Any CPU
	EndGlobalSection
	GlobalSection(SolutionProperties) = preSolution
		HideSolutionNode = FALSE
	EndGlobalSection
	GlobalSection(ExtensibilityGlobals) = postSolution
		SolutionGuid = {48C1D674-7B76-4B9A-9704-BD39E653D177}
	EndGlobalSection
EndGlobal
